
Microsoft Visual Studio Solution File, Format Version 12.00
# Visual Studio Version 17
VisualStudioVersion = 17.13.35913.81 d17.13
MinimumVisualStudioVersion = 10.0.40219.1
Project("{FAE04EC0-301F-11D3-BF4B-00C04F79EFBC}") = "WebAppCS", "WebAppCS.csproj", "{A07358E5-6FD2-48EB-806D-1A6878AE1BC8}"
EndProject
Global
	GlobalSection(SolutionConfigurationPlatforms) = preSolution
		Debug|Any CPU = Debug|Any CPU
		Release|Any CPU = Release|Any CPU
	EndGlobalSection
	GlobalSection(ProjectConfigurationPlatforms) = postSolution
		{A07358E5-6FD2-48EB-806D-1A6878AE1BC8}.Debug|Any CPU.ActiveCfg = Debug|Any CPU
		{A07358E5-6FD2-48EB-806D-1A6878AE1BC8}.Debug|Any CPU.Build.0 = Debug|Any CPU
		{A07358E5-6FD2-48EB-806D-1A6878AE1BC8}.Release|Any CPU.ActiveCfg = Release|Any CPU
		{A07358E5-6FD2-48EB-806D-1A6878AE1BC8}.Release|Any CPU.Build.0 = Release|Any CPU
	EndGlobalSection
	GlobalSection(SolutionProperties) = preSolution
		HideSolutionNode = FALSE
	EndGlobalSection
	GlobalSection(ExtensibilityGlobals) = postSolution
		SolutionGuid = {BAC59CB2-5621-4178-9F2D-9337C7328396}
	EndGlobalSection
EndGlobal
